// !$*UTF8*$!
{
	archiveVersion = 1;
	classes = {
	};
	objectVersion = 55;
	objects = {

/* Begin PBXBuildFile section */
		E05CE5DF285A0DEC003F88FB /* AppDelegate.swift in Sources */ = {isa = PBXBuildFile; fileRef = E05CE5DE285A0DEC003F88FB /* AppDelegate.swift */; };
		E05CE5E1285A0DEC003F88FB /* SceneDelegate.swift in Sources */ = {isa = PBXBuildFile; fileRef = E05CE5E0285A0DEC003F88FB /* SceneDelegate.swift */; };
		E05CE5E3285A0DEC003F88FB /* ViewController.swift in Sources */ = {isa = PBXBuildFile; fileRef = E05CE5E2285A0DEC003F88FB /* ViewController.swift */; };
		E05CE5E6285A0DEC003F88FB /* Main.storyboard in Resources */ = {isa = PBXBuildFile; fileRef = E05CE5E4285A0DEC003F88FB /* Main.storyboard */; };
		E05CE5E8285A0DED003F88FB /* Assets.xcassets in Resources */ = {isa = PBXBuildFile; fileRef = E05CE5E7285A0DED003F88FB /* Assets.xcassets */; };
		E05CE5EB285A0DED003F88FB /* LaunchScreen.storyboard in Resources */ = {isa = PBXBuildFile; fileRef = E05CE5E9285A0DED003F88FB /* LaunchScreen.storyboard */; };
		E05CE5F3285A0F5A003F88FB /* Question.swift in Sources */ = {isa = PBXBuildFile; fileRef = E05CE5F2285A0F5A003F88FB /* Question.swift */; };
		E05CE5F5285A0F6F003F88FB /* QuizBrain.swift in Sources */ = {isa = PBXBuildFile; fileRef = E05CE5F4285A0F6F003F88FB /* QuizBrain.swift */; };
/* End PBXBuildFile section */

/* Begin PBXFileReference section */
		E05CE5DB285A0DEC003F88FB /* quiz-study.app */ = {isa = PBXFileReference; explicitFileType = wrapper.application; includeInIndex = 0; path = "quiz-study.app"; sourceTree = BUILT_PRODUCTS_DIR; };
		E05CE5DE285A0DEC003F88FB /* AppDelegate.swift */ = {isa = PBXFileReference; lastKnownFileType = sourcecode.swift; path = AppDelegate.swift; sourceTree = "<group>"; };
		E05CE5E0285A0DEC003F88FB /* SceneDelegate.swift */ = {isa = PBXFileReference; lastKnownFileType = sourcecode.swift; path = SceneDelegate.swift; sourceTree = "<group>"; };
		E05CE5E2285A0DEC003F88FB /* ViewController.swift */ = {isa = PBXFileReference; lastKnownFileType = sourcecode.swift; path = ViewController.swift; sourceTree = "<group>"; };
		E05CE5E5285A0DEC003F88FB /* Base */ = {isa = PBXFileReference; lastKnownFileType = file.storyboard; name = Base; path = Base.lproj/Main.storyboard; sourceTree = "<group>"; };
		E05CE5E7285A0DED003F88FB /* Assets.xcassets */ = {isa = PBXFileReference; lastKnownFileType = folder.assetcatalog; path = Assets.xcassets; sourceTree = "<group>"; };
		E05CE5EA285A0DED003F88FB /* Base */ = {isa = PBXFileReference; lastKnownFileType = file.storyboard; name = Base; path = Base.lproj/LaunchScreen.storyboard; sourceTree = "<group>"; };
		E05CE5EC285A0DED003F88FB /* Info.plist */ = {isa = PBXFileReference; lastKnownFileType = text.plist.xml; path = Info.plist; sourceTree = "<group>"; };
		E05CE5F2285A0F5A003F88FB /* Question.swift */ = {isa = PBXFileReference; lastKnownFileType = sourcecode.swift; path = Question.swift; sourceTree = "<group>"; };
		E05CE5F4285A0F6F003F88FB /* QuizBrain.swift */ = {isa = PBXFileReference; lastKnownFileType = sourcecode.swift; path = QuizBrain.swift; sourceTree = "<group>"; };
/* End PBXFileReference section */

/* Begin PBXFrameworksBuildPhase section */
		E05CE5D8285A0DEC003F88FB /* Frameworks */ = {
			isa = PBXFrameworksBuildPhase;
			buildActionMask = 2147483647;
			files = (
			);
			runOnlyForDeploymentPostprocessing = 0;
		};
/* End PBXFrameworksBuildPhase section */

/* Begin PBXGroup section */
		E05CE5D2285A0DEC003F88FB = {
			isa = PBXGroup;
			children = (
				E05CE5DD285A0DEC003F88FB /* quiz-study */,
				E05CE5DC285A0DEC003F88FB /* Products */,
			);
			sourceTree = "<group>";
		};
		E05CE5DC285A0DEC003F88FB /* Products */ = {
			isa = PBXGroup;
			children = (
				E05CE5DB285A0DEC003F88FB /* quiz-study.app */,
			);
			name = Products;
			sourceTree = "<group>";
		};
		E05CE5DD285A0DEC003F88FB /* quiz-study */ = {
			isa = PBXGroup;
			children = (
				E05CE5DE285A0DEC003F88FB /* AppDelegate.swift */,
				E05CE5E0285A0DEC003F88FB /* SceneDelegate.swift */,
				E05CE5F6285A0F8B003F88FB /* Model */,
				E05CE5F7285A0F95003F88FB /* View */,
				E05CE5F8285A0F9B003F88FB /* Controller */,
				E05CE5E7285A0DED003F88FB /* Assets.xcassets */,
				E05CE5E9285A0DED003F88FB /* LaunchScreen.storyboard */,
				E05CE5EC285A0DED003F88FB /* Info.plist */,
			);
			path = "quiz-study";
			sourceTree = "<group>";
		};
		E05CE5F6285A0F8B003F88FB /* Model */ = {
			isa = PBXGroup;
			children = (
				E05CE5F2285A0F5A003F88FB /* Question.swift */,
				E05CE5F4285A0F6F003F88FB /* QuizBrain.swift */,
			);
			path = Model;
			sourceTree = "<group>";
		};
		E05CE5F7285A0F95003F88FB /* View */ = {
			isa = PBXGroup;
			children = (
				E05CE5E4285A0DEC003F88FB /* Main.storyboard */,
			);
			path = View;
			sourceTree = "<group>";
		};
		E05CE5F8285A0F9B003F88FB /* Controller */ = {
			isa = PBXGroup;
			children = (
				E05CE5E2285A0DEC003F88FB /* ViewController.swift */,
			);
			path = Controller;
			sourceTree = "<group>";
		};
/* End PBXGroup section */

/* Begin PBXNativeTarget section */
		E05CE5DA285A0DEC003F88FB /* quiz-study */ = {
			isa = PBXNativeTarget;
			buildConfigurationList = E05CE5EF285A0DED003F88FB /* Build configuration list for PBXNativeTarget "quiz-study" */;
			buildPhases = (
				E05CE5D7285A0DEC003F88FB /* Sources */,
				E05CE5D8285A0DEC003F88FB /* Frameworks */,
				E05CE5D9285A0DEC003F88FB /* Resources */,
			);
			buildRules = (
			);
			dependencies = (
			);
			name = "quiz-study";
			productName = "quiz-study";
			productReference = E05CE5DB285A0DEC003F88FB /* quiz-study.app */;
			productType = "com.apple.product-type.application";
		};
/* End PBXNativeTarget section */

/* Begin PBXProject section */
		E05CE5D3285A0DEC003F88FB /* Project object */ = {
			isa = PBXProject;
			attributes = {
				BuildIndependentTargetsInParallel = 1;
				LastSwiftUpdateCheck = 1330;
				LastUpgradeCheck = 1330;
				TargetAttributes = {
					E05CE5DA285A0DEC003F88FB = {
						CreatedOnToolsVersion = 13.3;
					};
				};
			};
			buildConfigurationList = E05CE5D6285A0DEC003F88FB /* Build configuration list for PBXProject "quiz-study" */;
			compatibilityVersion = "Xcode 13.0";
			developmentRegion = en;
			hasScannedForEncodings = 0;
			knownRegions = (
				en,
				Base,
			);
			mainGroup = E05CE5D2285A0DEC003F88FB;
			productRefGroup = E05CE5DC285A0DEC003F88FB /* Products */;
			projectDirPath = "";
			projectRoot = "";
			targets = (
				E05CE5DA285A0DEC003F88FB /* quiz-study */,
			);
		};
/* End PBXProject section */

/* Begin PBXResourcesBuildPhase section */
		E05CE5D9285A0DEC003F88FB /* Resources */ = {
			isa = PBXResourcesBuildPhase;
			buildActionMask = 2147483647;
			files = (
				E05CE5EB285A0DED003F88FB /* LaunchScreen.storyboard in Resources */,
				E05CE5E8285A0DED003F88FB /* Assets.xcassets in Resources */,
				E05CE5E6285A0DEC003F88FB /* Main.storyboard in Resources */,
			);
			runOnlyForDeploymentPostprocessing = 0;
		};
/* End PBXResourcesBuildPhase section */

/* Begin PBXSourcesBuildPhase section */
		E05CE5D7285A0DEC003F88FB /* Sources */ = {
			isa = PBXSourcesBuildPhase;
			buildActionMask = 2147483647;
			files = (
				E05CE5F5285A0F6F003F88FB /* QuizBrain.swift in Sources */,
				E05CE5E3285A0DEC003F88FB /* ViewController.swift in Sources */,
				E05CE5F3285A0F5A003F88FB /* Question.swift in Sources */,
				E05CE5DF285A0DEC003F88FB /* AppDelegate.swift in Sources */,
				E05CE5E1285A0DEC003F88FB /* SceneDelegate.swift in Sources */,
			);
			runOnlyForDeploymentPostprocessing = 0;
		};
/* End PBXSourcesBuildPhase section */

/* Begin PBXVariantGroup section */
		E05CE5E4285A0DEC003F88FB /* Main.storyboard */ = {
			isa = PBXVariantGroup;
			children = (
				E05CE5E5285A0DEC003F88FB /* Base */,
			);
			name = Main.storyboard;
			sourceTree = "<group>";
		};
		E05CE5E9285A0DED003F88FB /* LaunchScreen.storyboard */ = {
			isa = PBXVariantGroup;
			children = (
				E05CE5EA285A0DED003F88FB /* Base */,
			);
			name = LaunchScreen.storyboard;
			sourceTree = "<group>";
		};
/* End PBXVariantGroup section */

/* Begin XCBuildConfiguration section */
		E05CE5ED285A0DED003F88FB /* Debug */ = {
			isa = XCBuildConfiguration;
			buildSettings = {
				ALWAYS_SEARCH_USER_PATHS = NO;
				CLANG_ANALYZER_NONNULL = YES;
				CLANG_ANALYZER_NUMBER_OBJECT_CONVERSION = YES_AGGRESSIVE;
				CLANG_CXX_LANGUAGE_STANDARD = "gnu++17";
				CLANG_ENABLE_MODULES = YES;
				CLANG_ENABLE_OBJC_ARC = YES;
				CLANG_ENABLE_OBJC_WEAK = YES;
				CLANG_WARN_BLOCK_CAPTURE_AUTORELEASING = YES;
				CLANG_WARN_BOOL_CONVERSION = YES;
				CLANG_WARN_COMMA = YES;
				CLANG_WARN_CONSTANT_CONVERSION = YES;
				CLANG_WARN_DEPRECATED_OBJC_IMPLEMENTATIONS = YES;
				CLANG_WARN_DIRECT_OBJC_ISA_USAGE = YES_ERROR;
				CLANG_WARN_DOCUMENTATION_COMMENTS = YES;
				CLANG_WARN_EMPTY_BODY = YES;
				CLANG_WARN_ENUM_CONVERSION = YES;
				CLANG_WARN_INFINITE_RECURSION = YES;
				CLANG_WARN_INT_CONVERSION = YES;
				CLANG_WARN_NON_LITERAL_NULL_CONVERSION = YES;
				CLANG_WARN_OBJC_IMPLICIT_RETAIN_SELF = YES;
				CLANG_WARN_OBJC_LITERAL_CONVERSION = YES;
				CLANG_WARN_OBJC_ROOT_CLASS = YES_ERROR;
				CLANG_WARN_QUOTED_INCLUDE_IN_FRAMEWORK_HEADER = YES;
				CLANG_WARN_RANGE_LOOP_ANALYSIS = YES;
				CLANG_WARN_STRICT_PROTOTYPES = YES;
				CLANG_WARN_SUSPICIOUS_MOVE = YES;
				CLANG_WARN_UNGUARDED_AVAILABILITY = YES_AGGRESSIVE;
				CLANG_WARN_UNREACHABLE_CODE = YES;
				CLANG_WARN__DUPLICATE_METHOD_MATCH = YES;
				COPY_PHASE_STRIP = NO;
				DEBUG_INFORMATION_FORMAT = dwarf;
				ENABLE_STRICT_OBJC_MSGSEND = YES;
				ENABLE_TESTABILITY = YES;
				GCC_C_LANGUAGE_STANDARD = gnu11;
				GCC_DYNAMIC_NO_PIC = NO;
				GCC_NO_COMMON_BLOCKS = YES;
				GCC_OPTIMIZATION_LEVEL = 0;
				GCC_PREPROCESSOR_DEFINITIONS = (
					"DEBUG=1",
					"$(inherited)",
				);
				GCC_WARN_64_TO_32_BIT_CONVERSION = YES;
				GCC_WARN_ABOUT_RETURN_TYPE = YES_ERROR;
				GCC_WARN_UNDECLARED_SELECTOR = YES;
				GCC_WARN_UNINITIALIZED_AUTOS = YES_AGGRESSIVE;
				GCC_WARN_UNUSED_FUNCTION = YES;
				GCC_WARN_UNUSED_VARIABLE = YES;
				IPHONEOS_DEPLOYMENT_TARGET = 15.4;
				MTL_ENABLE_DEBUG_INFO = INCLUDE_SOURCE;
				MTL_FAST_MATH = YES;
				ONLY_ACTIVE_ARCH = YES;
				SDKROOT = iphoneos;
				SWIFT_ACTIVE_COMPILATION_CONDITIONS = DEBUG;
				SWIFT_OPTIMIZATION_LEVEL = "-Onone";
			};
			name = Debug;
		};
		E05CE5EE285A0DED003F88FB /* Release */ = {
			isa = XCBuildConfiguration;
			buildSettings = {
				ALWAYS_SEARCH_USER_PATHS = NO;
				CLANG_ANALYZER_NONNULL = YES;
				CLANG_ANALYZER_NUMBER_OBJECT_CONVERSION = YES_AGGRESSIVE;
				CLANG_CXX_LANGUAGE_STANDARD = "gnu++17";
				CLANG_ENABLE_MODULES = YES;
				CLANG_ENABLE_OBJC_ARC = YES;
				CLANG_ENABLE_OBJC_WEAK = YES;
				CLANG_WARN_BLOCK_CAPTURE_AUTORELEASING = YES;
				CLANG_WARN_BOOL_CONVERSION = YES;
				CLANG_WARN_COMMA = YES;
				CLANG_WARN_CONSTANT_CONVERSION = YES;
				CLANG_WARN_DEPRECATED_OBJC_IMPLEMENTATIONS = YES;
				CLANG_WARN_DIRECT_OBJC_ISA_USAGE = YES_ERROR;
				CLANG_WARN_DOCUMENTATION_COMMENTS = YES;
				CLANG_WARN_EMPTY_BODY = YES;
				CLANG_WARN_ENUM_CONVERSION = YES;
				CLANG_WARN_INFINITE_RECURSION = YES;
				CLANG_WARN_INT_CONVERSION = YES;
				CLANG_WARN_NON_LITERAL_NULL_CONVERSION = YES;
				CLANG_WARN_OBJC_IMPLICIT_RETAIN_SELF = YES;
				CLANG_WARN_OBJC_LITERAL_CONVERSION = YES;
				CLANG_WARN_OBJC_ROOT_CLASS = YES_ERROR;
				CLANG_WARN_QUOTED_INCLUDE_IN_FRAMEWORK_HEADER = YES;
				CLANG_WARN_RANGE_LOOP_ANALYSIS = YES;
				CLANG_WARN_STRICT_PROTOTYPES = YES;
				CLANG_WARN_SUSPICIOUS_MOVE = YES;
				CLANG_WARN_UNGUARDED_AVAILABILITY = YES_AGGRESSIVE;
				CLANG_WARN_UNREACHABLE_CODE = YES;
				CLANG_WARN__DUPLICATE_METHOD_MATCH = YES;
				COPY_PHASE_STRIP = NO;
				DEBUG_INFORMATION_FORMAT = "dwarf-with-dsym";
				ENABLE_NS_ASSERTIONS = NO;
				ENABLE_STRICT_OBJC_MSGSEND = YES;
				GCC_C_LANGUAGE_STANDARD = gnu11;
				GCC_NO_COMMON_BLOCKS = YES;
				GCC_WARN_64_TO_32_BIT_CONVERSION = YES;
				GCC_WARN_ABOUT_RETURN_TYPE = YES_ERROR;
				GCC_WARN_UNDECLARED_SELECTOR = YES;
				GCC_WARN_UNINITIALIZED_AUTOS = YES_AGGRESSIVE;
				GCC_WARN_UNUSED_FUNCTION = YES;
				GCC_WARN_UNUSED_VARIABLE = YES;
				IPHONEOS_DEPLOYMENT_TARGET = 15.4;
				MTL_ENABLE_DEBUG_INFO = NO;
				MTL_FAST_MATH = YES;
				SDKROOT = iphoneos;
				SWIFT_COMPILATION_MODE = wholemodule;
				SWIFT_OPTIMIZATION_LEVEL = "-O";
				VALIDATE_PRODUCT = YES;
			};
			name = Release;
		};
		E05CE5F0285A0DED003F88FB /* Debug */ = {
			isa = XCBuildConfiguration;
			buildSettings = {
				ASSETCATALOG_COMPILER_APPICON_NAME = AppIcon;
				ASSETCATALOG_COMPILER_GLOBAL_ACCENT_COLOR_NAME = AccentColor;
				CODE_SIGN_STYLE = Automatic;
				CURRENT_PROJECT_VERSION = 1;
				DEVELOPMENT_TEAM = CV7VPNAS3W;
				GENERATE_INFOPLIST_FILE = YES;
				INFOPLIST_FILE = "quiz-study/Info.plist";
				INFOPLIST_KEY_UIApplicationSupportsIndirectInputEvents = YES;
				INFOPLIST_KEY_UILaunchStoryboardName = LaunchScreen;
				INFOPLIST_KEY_UIMainStoryboardFile = Main;
				INFOPLIST_KEY_UISupportedInterfaceOrientations_iPad = "UIInterfaceOrientationPortrait UIInterfaceOrientationPortraitUpsideDown UIInterfaceOrientationLandscapeLeft UIInterfaceOrientationLandscapeRight";
				INFOPLIST_KEY_UISupportedInterfaceOrientations_iPhone = "UIInterfaceOrientationPortrait UIInterfaceOrientationLandscapeLeft UIInterfaceOrientationLandscapeRight";
				IPHONEOS_DEPLOYMENT_TARGET = 13.0;
				LD_RUNPATH_SEARCH_PATHS = (
					"$(inherited)",
					"@executable_path/Frameworks",
				);
				MARKETING_VERSION = 1.0;
				PRODUCT_BUNDLE_IDENTIFIER = "com.akrylova.quiz-study";
				PRODUCT_NAME = "$(TARGET_NAME)";
				SWIFT_EMIT_LOC_STRINGS = YES;
				SWIFT_VERSION = 5.0;
				TARGETED_DEVICE_FAMILY = "1,2";
			};
			name = Debug;
		};
		E05CE5F1285A0DED003F88FB /* Release */ = {
			isa = XCBuildConfiguration;
			buildSettings = {
				ASSETCATALOG_COMPILER_APPICON_NAME = AppIcon;
				ASSETCATALOG_COMPILER_GLOBAL_ACCENT_COLOR_NAME = AccentColor;
				CODE_SIGN_STYLE = Automatic;
				CURRENT_PROJECT_VERSION = 1;
				DEVELOPMENT_TEAM = CV7VPNAS3W;
				GENERATE_INFOPLIST_FILE = YES;
				INFOPLIST_FILE = "quiz-study/Info.plist";
				INFOPLIST_KEY_UIApplicationSupportsIndirectInputEvents = YES;
				INFOPLIST_KEY_UILaunchStoryboardName = LaunchScreen;
				INFOPLIST_KEY_UIMainStoryboardFile = Main;
				INFOPLIST_KEY_UISupportedInterfaceOrientations_iPad = "UIInterfaceOrientationPortrait UIInterfaceOrientationPortraitUpsideDown UIInterfaceOrientationLandscapeLeft UIInterfaceOrientationLandscapeRight";
				INFOPLIST_KEY_UISupportedInterfaceOrientations_iPhone = "UIInterfaceOrientationPortrait UIInterfaceOrientationLandscapeLeft UIInterfaceOrientationLandscapeRight";
				IPHONEOS_DEPLOYMENT_TARGET = 13.0;
				LD_RUNPATH_SEARCH_PATHS = (
					"$(inherited)",
					"@executable_path/Frameworks",
				);
				MARKETING_VERSION = 1.0;
				PRODUCT_BUNDLE_IDENTIFIER = "com.akrylova.quiz-study";
				PRODUCT_NAME = "$(TARGET_NAME)";
				SWIFT_EMIT_LOC_STRINGS = YES;
				SWIFT_VERSION = 5.0;
				TARGETED_DEVICE_FAMILY = "1,2";
			};
			name = Release;
		};
/* End XCBuildConfiguration section */

/* Begin XCConfigurationList section */
		E05CE5D6285A0DEC003F88FB /* Build configuration list for PBXProject "quiz-study" */ = {
			isa = XCConfigurationList;
			buildConfigurations = (
				E05CE5ED285A0DED003F88FB /* Debug */,
				E05CE5EE285A0DED003F88FB /* Release */,
			);
			defaultConfigurationIsVisible = 0;
			defaultConfigurationName = Release;
		};
		E05CE5EF285A0DED003F88FB /* Build configuration list for PBXNativeTarget "quiz-study" */ = {
			isa = XCConfigurationList;
			buildConfigurations = (
				E05CE5F0285A0DED003F88FB /* Debug */,
				E05CE5F1285A0DED003F88FB /* Release */,
			);
			defaultConfigurationIsVisible = 0;
			defaultConfigurationName = Release;
		};
/* End XCConfigurationList section */
	};
	rootObject = E05CE5D3285A0DEC003F88FB /* Project object */;
}
